
Microsoft Visual Studio Solution File, Format Version 12.00
# Visual Studio Version 17
VisualStudioVersion = 17.10.35013.160
MinimumVisualStudioVersion = 10.0.40219.1
Project("{FAE04EC0-301F-11D3-BF4B-00C04F79EFBC}") = "ReflectionClasses", "ReflectionClasses.csproj", "{AE3E82FB-500D-4107-A710-B516A6E5F204}"
EndProject
Global
	GlobalSection(SolutionConfigurationPlatforms) = preSolution
		Debug|Any CPU = Debug|Any CPU
		Release|Any CPU = Release|Any CPU
	EndGlobalSection
	GlobalSection(ProjectConfigurationPlatforms) = postSolution
		{AE3E82FB-500D-4107-A710-B516A6E5F204}.Debug|Any CPU.ActiveCfg = Debug|Any CPU
		{AE3E82FB-500D-4107-A710-B516A6E5F204}.Debug|Any CPU.Build.0 = Debug|Any CPU
		{AE3E82FB-500D-4107-A710-B516A6E5F204}.Release|Any CPU.ActiveCfg = Release|Any CPU
		{AE3E82FB-500D-4107-A710-B516A6E5F204}.Release|Any CPU.Build.0 = Release|Any CPU
	EndGlobalSection
	GlobalSection(SolutionProperties) = preSolution
		HideSolutionNode = FALSE
	EndGlobalSection
	GlobalSection(ExtensibilityGlobals) = postSolution
		SolutionGuid = {7D6C105C-2FC9-4215-8FBD-DEB275505C50}
	EndGlobalSection
EndGlobal
